
Microsoft Visual Studio Solution File, Format Version 12.00
# Visual Studio Version 16
VisualStudioVersion = 16.0.32002.261
MinimumVisualStudioVersion = 10.0.40219.1
Project("{9A19103F-16F7-4668-BE54-9A1E7A4F7556}") = "RealEstateManager", "RealEstateManager\RealEstateManager.csproj", "{DD71E551-8853-460F-839B-D43DFFDD5491}"
EndProject
Project("{9A19103F-16F7-4668-BE54-9A1E7A4F7556}") = "RealEstateManager.Data", "RealEstateManager.Data\RealEstateManager.Data.csproj", "{E3A29FEF-943A-448F-A04E-19291D5355CA}"
EndProject
Project("{FAE04EC0-301F-11D3-BF4B-00C04F79EFBC}") = "ReportProject", "ReportProject\ReportProject.csproj", "{BD9F1682-05CA-40CC-BE46-1FBDCF3939CF}"
EndProject
Global
	GlobalSection(SolutionConfigurationPlatforms) = preSolution
		Debug|Any CPU = Debug|Any CPU
		Release|Any CPU = Release|Any CPU
	EndGlobalSection
	GlobalSection(ProjectConfigurationPlatforms) = postSolution
		{DD71E551-8853-460F-839B-D43DFFDD5491}.Debug|Any CPU.ActiveCfg = Debug|Any CPU
		{DD71E551-8853-460F-839B-D43DFFDD5491}.Debug|Any CPU.Build.0 = Debug|Any CPU
		{DD71E551-8853-460F-839B-D43DFFDD5491}.Release|Any CPU.ActiveCfg = Release|Any CPU
		{DD71E551-8853-460F-839B-D43DFFDD5491}.Release|Any CPU.Build.0 = Release|Any CPU
		{E3A29FEF-943A-448F-A04E-19291D5355CA}.Debug|Any CPU.ActiveCfg = Debug|Any CPU
		{E3A29FEF-943A-448F-A04E-19291D5355CA}.Debug|Any CPU.Build.0 = Debug|Any CPU
		{E3A29FEF-943A-448F-A04E-19291D5355CA}.Release|Any CPU.ActiveCfg = Release|Any CPU
		{E3A29FEF-943A-448F-A04E-19291D5355CA}.Release|Any CPU.Build.0 = Release|Any CPU
		{BD9F1682-05CA-40CC-BE46-1FBDCF3939CF}.Debug|Any CPU.ActiveCfg = Debug|Any CPU
		{BD9F1682-05CA-40CC-BE46-1FBDCF3939CF}.Debug|Any CPU.Build.0 = Debug|Any CPU
		{BD9F1682-05CA-40CC-BE46-1FBDCF3939CF}.Release|Any CPU.ActiveCfg = Release|Any CPU
		{BD9F1682-05CA-40CC-BE46-1FBDCF3939CF}.Release|Any CPU.Build.0 = Release|Any CPU
	EndGlobalSection
	GlobalSection(SolutionProperties) = preSolution
		HideSolutionNode = FALSE
	EndGlobalSection
	GlobalSection(ExtensibilityGlobals) = postSolution
		SolutionGuid = {3BE942D7-8269-4E1B-9146-4848EE96F594}
	EndGlobalSection
EndGlobal
